
Microsoft Visual Studio Solution File, Format Version 12.00
# Visual Studio Version 16
VisualStudioVersion = 16.0.32901.82
MinimumVisualStudioVersion = 10.0.40219.1
Project("{FAE04EC0-301F-11D3-BF4B-00C04F79EFBC}") = "AppMvcBasica", "AppMvcBasica\AppMvcBasica.csproj", "{D519FC4A-002A-4252-878F-8BDC6D3B1A59}"
EndProject
Global
	GlobalSection(SolutionConfigurationPlatforms) = preSolution
		Debug|Any CPU = Debug|Any CPU
		Release|Any CPU = Release|Any CPU
	EndGlobalSection
	GlobalSection(ProjectConfigurationPlatforms) = postSolution
		{D519FC4A-002A-4252-878F-8BDC6D3B1A59}.Debug|Any CPU.ActiveCfg = Debug|Any CPU
		{D519FC4A-002A-4252-878F-8BDC6D3B1A59}.Debug|Any CPU.Build.0 = Debug|Any CPU
		{D519FC4A-002A-4252-878F-8BDC6D3B1A59}.Release|Any CPU.ActiveCfg = Release|Any CPU
		{D519FC4A-002A-4252-878F-8BDC6D3B1A59}.Release|Any CPU.Build.0 = Release|Any CPU
	EndGlobalSection
	GlobalSection(SolutionProperties) = preSolution
		HideSolutionNode = FALSE
	EndGlobalSection
	GlobalSection(ExtensibilityGlobals) = postSolution
		SolutionGuid = {2F57927D-36DF-466B-B599-0CECF234A117}
	EndGlobalSection
EndGlobal
